// !$*UTF8*$!
{
	archiveVersion = 1;
	classes = {
	};
	objectVersion = 77;
	objects = {

/* Begin PBXContainerItemProxy section */
		0481254F2D115219000EA776 /* PBXContainerItemProxy */ = {
			isa = PBXContainerItemProxy;
			containerPortal = 048125352D115218000EA776 /* Project object */;
			proxyType = 1;
			remoteGlobalIDString = 0481253C2D115218000EA776;
			remoteInfo = ClipboardHistoryv2;
		};
		048125592D115219000EA776 /* PBXContainerItemProxy */ = {
			isa = PBXContainerItemProxy;
			containerPortal = 048125352D115218000EA776 /* Project object */;
			proxyType = 1;
			remoteGlobalIDString = 0481253C2D115218000EA776;
			remoteInfo = ClipboardHistoryv2;
		};
/* End PBXContainerItemProxy section */

/* Begin PBXFileReference section */
		0481253D2D115218000EA776 /* ClipboardHistoryv2.app */ = {isa = PBXFileReference; explicitFileType = wrapper.application; includeInIndex = 0; path = ClipboardHistoryv2.app; sourceTree = BUILT_PRODUCTS_DIR; };
		0481254E2D115219000EA776 /* ClipboardHistoryv2Tests.xctest */ = {isa = PBXFileReference; explicitFileType = wrapper.cfbundle; includeInIndex = 0; path = ClipboardHistoryv2Tests.xctest; sourceTree = BUILT_PRODUCTS_DIR; };
		048125582D115219000EA776 /* ClipboardHistoryv2UITests.xctest */ = {isa = PBXFileReference; explicitFileType = wrapper.cfbundle; includeInIndex = 0; path = ClipboardHistoryv2UITests.xctest; sourceTree = BUILT_PRODUCTS_DIR; };
/* End PBXFileReference section */

/* Begin PBXFileSystemSynchronizedRootGroup section */
		0481253F2D115218000EA776 /* ClipboardHistoryv2 */ = {
			isa = PBXFileSystemSynchronizedRootGroup;
			path = ClipboardHistoryv2;
			sourceTree = "<group>";
		};
		048125512D115219000EA776 /* ClipboardHistoryv2Tests */ = {
			isa = PBXFileSystemSynchronizedRootGroup;
			path = ClipboardHistoryv2Tests;
			sourceTree = "<group>";
		};
		0481255B2D115219000EA776 /* ClipboardHistoryv2UITests */ = {
			isa = PBXFileSystemSynchronizedRootGroup;
			path = ClipboardHistoryv2UITests;
			sourceTree = "<group>";
		};
/* End PBXFileSystemSynchronizedRootGroup section */

/* Begin PBXFrameworksBuildPhase section */
		0481253A2D115218000EA776 /* Frameworks */ = {
			isa = PBXFrameworksBuildPhase;
			buildActionMask = 2147483647;
			files = (
			);
			runOnlyForDeploymentPostprocessing = 0;
		};
		0481254B2D115219000EA776 /* Frameworks */ = {
			isa = PBXFrameworksBuildPhase;
			buildActionMask = 2147483647;
			files = (
			);
			runOnlyForDeploymentPostprocessing = 0;
		};
		048125552D115219000EA776 /* Frameworks */ = {
			isa = PBXFrameworksBuildPhase;
			buildActionMask = 2147483647;
			files = (
			);
			runOnlyForDeploymentPostprocessing = 0;
		};
/* End PBXFrameworksBuildPhase section */

/* Begin PBXGroup section */
		048125342D115218000EA776 = {
			isa = PBXGroup;
			children = (
				0481253F2D115218000EA776 /* ClipboardHistoryv2 */,
				048125512D115219000EA776 /* ClipboardHistoryv2Tests */,
				0481255B2D115219000EA776 /* ClipboardHistoryv2UITests */,
				0481253E2D115218000EA776 /* Products */,
			);
			sourceTree = "<group>";
		};
		0481253E2D115218000EA776 /* Products */ = {
			isa = PBXGroup;
			children = (
				0481253D2D115218000EA776 /* ClipboardHistoryv2.app */,
				0481254E2D115219000EA776 /* ClipboardHistoryv2Tests.xctest */,
				048125582D115219000EA776 /* ClipboardHistoryv2UITests.xctest */,
			);
			name = Products;
			sourceTree = "<group>";
		};
/* End PBXGroup section */

/* Begin PBXNativeTarget section */
		0481253C2D115218000EA776 /* ClipboardHistoryv2 */ = {
			isa = PBXNativeTarget;
			buildConfigurationList = 048125622D115219000EA776 /* Build configuration list for PBXNativeTarget "ClipboardHistoryv2" */;
			buildPhases = (
				048125392D115218000EA776 /* Sources */,
				0481253A2D115218000EA776 /* Frameworks */,
				0481253B2D115218000EA776 /* Resources */,
			);
			buildRules = (
			);
			dependencies = (
			);
			fileSystemSynchronizedGroups = (
				0481253F2D115218000EA776 /* ClipboardHistoryv2 */,
			);
			name = ClipboardHistoryv2;
			packageProductDependencies = (
			);
			productName = ClipboardHistoryv2;
			productReference = 0481253D2D115218000EA776 /* ClipboardHistoryv2.app */;
			productType = "com.apple.product-type.application";
		};
		0481254D2D115219000EA776 /* ClipboardHistoryv2Tests */ = {
			isa = PBXNativeTarget;
			buildConfigurationList = 048125652D115219000EA776 /* Build configuration list for PBXNativeTarget "ClipboardHistoryv2Tests" */;
			buildPhases = (
				0481254A2D115219000EA776 /* Sources */,
				0481254B2D115219000EA776 /* Frameworks */,
				0481254C2D115219000EA776 /* Resources */,
			);
			buildRules = (
			);
			dependencies = (
				048125502D115219000EA776 /* PBXTargetDependency */,
			);
			fileSystemSynchronizedGroups = (
				048125512D115219000EA776 /* ClipboardHistoryv2Tests */,
			);
			name = ClipboardHistoryv2Tests;
			packageProductDependencies = (
			);
			productName = ClipboardHistoryv2Tests;
			productReference = 0481254E2D115219000EA776 /* ClipboardHistoryv2Tests.xctest */;
			productType = "com.apple.product-type.bundle.unit-test";
		};
		048125572D115219000EA776 /* ClipboardHistoryv2UITests */ = {
			isa = PBXNativeTarget;
			buildConfigurationList = 048125682D115219000EA776 /* Build configuration list for PBXNativeTarget "ClipboardHistoryv2UITests" */;
			buildPhases = (
				048125542D115219000EA776 /* Sources */,
				048125552D115219000EA776 /* Frameworks */,
				048125562D115219000EA776 /* Resources */,
			);
			buildRules = (
			);
			dependencies = (
				0481255A2D115219000EA776 /* PBXTargetDependency */,
			);
			fileSystemSynchronizedGroups = (
				0481255B2D115219000EA776 /* ClipboardHistoryv2UITests */,
			);
			name = ClipboardHistoryv2UITests;
			packageProductDependencies = (
			);
			productName = ClipboardHistoryv2UITests;
			productReference = 048125582D115219000EA776 /* ClipboardHistoryv2UITests.xctest */;
			productType = "com.apple.product-type.bundle.ui-testing";
		};
/* End PBXNativeTarget section */

/* Begin PBXProject section */
		048125352D115218000EA776 /* Project object */ = {
			isa = PBXProject;
			attributes = {
				BuildIndependentTargetsInParallel = 1;
				LastSwiftUpdateCheck = 1610;
				LastUpgradeCheck = 1610;
				TargetAttributes = {
					0481253C2D115218000EA776 = {
						CreatedOnToolsVersion = 16.1;
					};
					0481254D2D115219000EA776 = {
						CreatedOnToolsVersion = 16.1;
						TestTargetID = 0481253C2D115218000EA776;
					};
					048125572D115219000EA776 = {
						CreatedOnToolsVersion = 16.1;
						TestTargetID = 0481253C2D115218000EA776;
					};
				};
			};
			buildConfigurationList = 048125382D115218000EA776 /* Build configuration list for PBXProject "ClipboardHistoryv2" */;
			developmentRegion = en;
			hasScannedForEncodings = 0;
			knownRegions = (
				en,
				Base,
			);
			mainGroup = 048125342D115218000EA776;
			minimizedProjectReferenceProxies = 1;
			preferredProjectObjectVersion = 77;
			productRefGroup = 0481253E2D115218000EA776 /* Products */;
			projectDirPath = "";
			projectRoot = "";
			targets = (
				0481253C2D115218000EA776 /* ClipboardHistoryv2 */,
				0481254D2D115219000EA776 /* ClipboardHistoryv2Tests */,
				048125572D115219000EA776 /* ClipboardHistoryv2UITests */,
			);
		};
/* End PBXProject section */

/* Begin PBXResourcesBuildPhase section */
		0481253B2D115218000EA776 /* Resources */ = {
			isa = PBXResourcesBuildPhase;
			buildActionMask = 2147483647;
			files = (
			);
			runOnlyForDeploymentPostprocessing = 0;
		};
		0481254C2D115219000EA776 /* Resources */ = {
			isa = PBXResourcesBuildPhase;
			buildActionMask = 2147483647;
			files = (
			);
			runOnlyForDeploymentPostprocessing = 0;
		};
		048125562D115219000EA776 /* Resources */ = {
			isa = PBXResourcesBuildPhase;
			buildActionMask = 2147483647;
			files = (
			);
			runOnlyForDeploymentPostprocessing = 0;
		};
/* End PBXResourcesBuildPhase section */

/* Begin PBXSourcesBuildPhase section */
		048125392D115218000EA776 /* Sources */ = {
			isa = PBXSourcesBuildPhase;
			buildActionMask = 2147483647;
			files = (
			);
			runOnlyForDeploymentPostprocessing = 0;
		};
		0481254A2D115219000EA776 /* Sources */ = {
			isa = PBXSourcesBuildPhase;
			buildActionMask = 2147483647;
			files = (
			);
			runOnlyForDeploymentPostprocessing = 0;
		};
		048125542D115219000EA776 /* Sources */ = {
			isa = PBXSourcesBuildPhase;
			buildActionMask = 2147483647;
			files = (
			);
			runOnlyForDeploymentPostprocessing = 0;
		};
/* End PBXSourcesBuildPhase section */

/* Begin PBXTargetDependency section */
		048125502D115219000EA776 /* PBXTargetDependency */ = {
			isa = PBXTargetDependency;
			target = 0481253C2D115218000EA776 /* ClipboardHistoryv2 */;
			targetProxy = 0481254F2D115219000EA776 /* PBXContainerItemProxy */;
		};
		0481255A2D115219000EA776 /* PBXTargetDependency */ = {
			isa = PBXTargetDependency;
			target = 0481253C2D115218000EA776 /* ClipboardHistoryv2 */;
			targetProxy = 048125592D115219000EA776 /* PBXContainerItemProxy */;
		};
/* End PBXTargetDependency section */

/* Begin XCBuildConfiguration section */
		048125602D115219000EA776 /* Debug */ = {
			isa = XCBuildConfiguration;
			buildSettings = {
				ALWAYS_SEARCH_USER_PATHS = NO;
				ASSETCATALOG_COMPILER_GENERATE_SWIFT_ASSET_SYMBOL_EXTENSIONS = YES;
				CLANG_ANALYZER_NONNULL = YES;
				CLANG_ANALYZER_NUMBER_OBJECT_CONVERSION = YES_AGGRESSIVE;
				CLANG_CXX_LANGUAGE_STANDARD = "gnu++20";
				CLANG_ENABLE_MODULES = YES;
				CLANG_ENABLE_OBJC_ARC = YES;
				CLANG_ENABLE_OBJC_WEAK = YES;
				CLANG_WARN_BLOCK_CAPTURE_AUTORELEASING = YES;
				CLANG_WARN_BOOL_CONVERSION = YES;
				CLANG_WARN_COMMA = YES;
				CLANG_WARN_CONSTANT_CONVERSION = YES;
				CLANG_WARN_DEPRECATED_OBJC_IMPLEMENTATIONS = YES;
				CLANG_WARN_DIRECT_OBJC_ISA_USAGE = YES_ERROR;
				CLANG_WARN_DOCUMENTATION_COMMENTS = YES;
				CLANG_WARN_EMPTY_BODY = YES;
				CLANG_WARN_ENUM_CONVERSION = YES;
				CLANG_WARN_INFINITE_RECURSION = YES;
				CLANG_WARN_INT_CONVERSION = YES;
				CLANG_WARN_NON_LITERAL_NULL_CONVERSION = YES;
				CLANG_WARN_OBJC_IMPLICIT_RETAIN_SELF = YES;
				CLANG_WARN_OBJC_LITERAL_CONVERSION = YES;
				CLANG_WARN_OBJC_ROOT_CLASS = YES_ERROR;
				CLANG_WARN_QUOTED_INCLUDE_IN_FRAMEWORK_HEADER = YES;
				CLANG_WARN_RANGE_LOOP_ANALYSIS = YES;
				CLANG_WARN_STRICT_PROTOTYPES = YES;
				CLANG_WARN_SUSPICIOUS_MOVE = YES;
				CLANG_WARN_UNGUARDED_AVAILABILITY = YES_AGGRESSIVE;
				CLANG_WARN_UNREACHABLE_CODE = YES;
				CLANG_WARN__DUPLICATE_METHOD_MATCH = YES;
				COPY_PHASE_STRIP = NO;
				DEBUG_INFORMATION_FORMAT = dwarf;
				ENABLE_STRICT_OBJC_MSGSEND = YES;
				ENABLE_TESTABILITY = YES;
				ENABLE_USER_SCRIPT_SANDBOXING = YES;
				GCC_C_LANGUAGE_STANDARD = gnu17;
				GCC_DYNAMIC_NO_PIC = NO;
				GCC_NO_COMMON_BLOCKS = YES;
				GCC_OPTIMIZATION_LEVEL = 0;
				GCC_PREPROCESSOR_DEFINITIONS = (
					"DEBUG=1",
					"$(inherited)",
				);
				GCC_WARN_64_TO_32_BIT_CONVERSION = YES;
				GCC_WARN_ABOUT_RETURN_TYPE = YES_ERROR;
				GCC_WARN_UNDECLARED_SELECTOR = YES;
				GCC_WARN_UNINITIALIZED_AUTOS = YES_AGGRESSIVE;
				GCC_WARN_UNUSED_FUNCTION = YES;
				GCC_WARN_UNUSED_VARIABLE = YES;
				LOCALIZATION_PREFERS_STRING_CATALOGS = YES;
				MACOSX_DEPLOYMENT_TARGET = 15.1;
				MTL_ENABLE_DEBUG_INFO = INCLUDE_SOURCE;
				MTL_FAST_MATH = YES;
				ONLY_ACTIVE_ARCH = YES;
				SDKROOT = macosx;
				SWIFT_ACTIVE_COMPILATION_CONDITIONS = "DEBUG $(inherited)";
				SWIFT_OPTIMIZATION_LEVEL = "-Onone";
			};
			name = Debug;
		};
		048125612D115219000EA776 /* Release */ = {
			isa = XCBuildConfiguration;
			buildSettings = {
				ALWAYS_SEARCH_USER_PATHS = NO;
				ASSETCATALOG_COMPILER_GENERATE_SWIFT_ASSET_SYMBOL_EXTENSIONS = YES;
				CLANG_ANALYZER_NONNULL = YES;
				CLANG_ANALYZER_NUMBER_OBJECT_CONVERSION = YES_AGGRESSIVE;
				CLANG_CXX_LANGUAGE_STANDARD = "gnu++20";
				CLANG_ENABLE_MODULES = YES;
				CLANG_ENABLE_OBJC_ARC = YES;
				CLANG_ENABLE_OBJC_WEAK = YES;
				CLANG_WARN_BLOCK_CAPTURE_AUTORELEASING = YES;
				CLANG_WARN_BOOL_CONVERSION = YES;
				CLANG_WARN_COMMA = YES;
				CLANG_WARN_CONSTANT_CONVERSION = YES;
				CLANG_WARN_DEPRECATED_OBJC_IMPLEMENTATIONS = YES;
				CLANG_WARN_DIRECT_OBJC_ISA_USAGE = YES_ERROR;
				CLANG_WARN_DOCUMENTATION_COMMENTS = YES;
				CLANG_WARN_EMPTY_BODY = YES;
				CLANG_WARN_ENUM_CONVERSION = YES;
				CLANG_WARN_INFINITE_RECURSION = YES;
				CLANG_WARN_INT_CONVERSION = YES;
				CLANG_WARN_NON_LITERAL_NULL_CONVERSION = YES;
				CLANG_WARN_OBJC_IMPLICIT_RETAIN_SELF = YES;
				CLANG_WARN_OBJC_LITERAL_CONVERSION = YES;
				CLANG_WARN_OBJC_ROOT_CLASS = YES_ERROR;
				CLANG_WARN_QUOTED_INCLUDE_IN_FRAMEWORK_HEADER = YES;
				CLANG_WARN_RANGE_LOOP_ANALYSIS = YES;
				CLANG_WARN_STRICT_PROTOTYPES = YES;
				CLANG_WARN_SUSPICIOUS_MOVE = YES;
				CLANG_WARN_UNGUARDED_AVAILABILITY = YES_AGGRESSIVE;
				CLANG_WARN_UNREACHABLE_CODE = YES;
				CLANG_WARN__DUPLICATE_METHOD_MATCH = YES;
				COPY_PHASE_STRIP = NO;
				DEBUG_INFORMATION_FORMAT = "dwarf-with-dsym";
				ENABLE_NS_ASSERTIONS = NO;
				ENABLE_STRICT_OBJC_MSGSEND = YES;
				ENABLE_USER_SCRIPT_SANDBOXING = YES;
				GCC_C_LANGUAGE_STANDARD = gnu17;
				GCC_NO_COMMON_BLOCKS = YES;
				GCC_WARN_64_TO_32_BIT_CONVERSION = YES;
				GCC_WARN_ABOUT_RETURN_TYPE = YES_ERROR;
				GCC_WARN_UNDECLARED_SELECTOR = YES;
				GCC_WARN_UNINITIALIZED_AUTOS = YES_AGGRESSIVE;
				GCC_WARN_UNUSED_FUNCTION = YES;
				GCC_WARN_UNUSED_VARIABLE = YES;
				LOCALIZATION_PREFERS_STRING_CATALOGS = YES;
				MACOSX_DEPLOYMENT_TARGET = 15.1;
				MTL_ENABLE_DEBUG_INFO = NO;
				MTL_FAST_MATH = YES;
				SDKROOT = macosx;
				SWIFT_COMPILATION_MODE = wholemodule;
			};
			name = Release;
		};
		048125632D115219000EA776 /* Debug */ = {
			isa = XCBuildConfiguration;
			buildSettings = {
				ASSETCATALOG_COMPILER_APPICON_NAME = AppIcon;
				ASSETCATALOG_COMPILER_GLOBAL_ACCENT_COLOR_NAME = AccentColor;
				CODE_SIGN_ENTITLEMENTS = ClipboardHistoryv2/ClipboardHistoryv2.entitlements;
				CODE_SIGN_STYLE = Automatic;
				COMBINE_HIDPI_IMAGES = YES;
				CURRENT_PROJECT_VERSION = 1;
				DEVELOPMENT_TEAM = AMY9WYRH29;
				ENABLE_HARDENED_RUNTIME = YES;
				GENERATE_INFOPLIST_FILE = YES;
				INFOPLIST_KEY_NSHumanReadableCopyright = "";
				INFOPLIST_KEY_NSMainStoryboardFile = Main;
				INFOPLIST_KEY_NSPrincipalClass = NSApplication;
				LD_RUNPATH_SEARCH_PATHS = (
					"$(inherited)",
					"@executable_path/../Frameworks",
				);
				MARKETING_VERSION = 1.0;
				PRODUCT_BUNDLE_IDENTIFIER = com.vicopem.ClipboardHistoryv2;
				PRODUCT_NAME = "$(TARGET_NAME)";
				SWIFT_EMIT_LOC_STRINGS = YES;
				SWIFT_VERSION = 5.0;
			};
			name = Debug;
		};
		048125642D115219000EA776 /* Release */ = {
			isa = XCBuildConfiguration;
			buildSettings = {
				ASSETCATALOG_COMPILER_APPICON_NAME = AppIcon;
				ASSETCATALOG_COMPILER_GLOBAL_ACCENT_COLOR_NAME = AccentColor;
				CODE_SIGN_ENTITLEMENTS = ClipboardHistoryv2/ClipboardHistoryv2.entitlements;
				CODE_SIGN_STYLE = Automatic;
				COMBINE_HIDPI_IMAGES = YES;
				CURRENT_PROJECT_VERSION = 1;
				DEVELOPMENT_TEAM = AMY9WYRH29;
				ENABLE_HARDENED_RUNTIME = YES;
				GENERATE_INFOPLIST_FILE = YES;
				INFOPLIST_KEY_NSHumanReadableCopyright = "";
				INFOPLIST_KEY_NSMainStoryboardFile = Main;
				INFOPLIST_KEY_NSPrincipalClass = NSApplication;
				LD_RUNPATH_SEARCH_PATHS = (
					"$(inherited)",
					"@executable_path/../Frameworks",
				);
				MARKETING_VERSION = 1.0;
				PRODUCT_BUNDLE_IDENTIFIER = com.vicopem.ClipboardHistoryv2;
				PRODUCT_NAME = "$(TARGET_NAME)";
				SWIFT_EMIT_LOC_STRINGS = YES;
				SWIFT_VERSION = 5.0;
			};
			name = Release;
		};
		048125662D115219000EA776 /* Debug */ = {
			isa = XCBuildConfiguration;
			buildSettings = {
				BUNDLE_LOADER = "$(TEST_HOST)";
				CODE_SIGN_STYLE = Automatic;
				CURRENT_PROJECT_VERSION = 1;
				DEVELOPMENT_TEAM = AMY9WYRH29;
				GENERATE_INFOPLIST_FILE = YES;
				MACOSX_DEPLOYMENT_TARGET = 15.1;
				MARKETING_VERSION = 1.0;
				PRODUCT_BUNDLE_IDENTIFIER = com.vicopem.ClipboardHistoryv2Tests;
				PRODUCT_NAME = "$(TARGET_NAME)";
				SWIFT_EMIT_LOC_STRINGS = NO;
				SWIFT_VERSION = 5.0;
				TEST_HOST = "$(BUILT_PRODUCTS_DIR)/ClipboardHistoryv2.app/$(BUNDLE_EXECUTABLE_FOLDER_PATH)/ClipboardHistoryv2";
			};
			name = Debug;
		};
		048125672D115219000EA776 /* Release */ = {
			isa = XCBuildConfiguration;
			buildSettings = {
				BUNDLE_LOADER = "$(TEST_HOST)";
				CODE_SIGN_STYLE = Automatic;
				CURRENT_PROJECT_VERSION = 1;
				DEVELOPMENT_TEAM = AMY9WYRH29;
				GENERATE_INFOPLIST_FILE = YES;
				MACOSX_DEPLOYMENT_TARGET = 15.1;
				MARKETING_VERSION = 1.0;
				PRODUCT_BUNDLE_IDENTIFIER = com.vicopem.ClipboardHistoryv2Tests;
				PRODUCT_NAME = "$(TARGET_NAME)";
				SWIFT_EMIT_LOC_STRINGS = NO;
				SWIFT_VERSION = 5.0;
				TEST_HOST = "$(BUILT_PRODUCTS_DIR)/ClipboardHistoryv2.app/$(BUNDLE_EXECUTABLE_FOLDER_PATH)/ClipboardHistoryv2";
			};
			name = Release;
		};
		048125692D115219000EA776 /* Debug */ = {
			isa = XCBuildConfiguration;
			buildSettings = {
				CODE_SIGN_STYLE = Automatic;
				CURRENT_PROJECT_VERSION = 1;
				DEVELOPMENT_TEAM = AMY9WYRH29;
				GENERATE_INFOPLIST_FILE = YES;
				MARKETING_VERSION = 1.0;
				PRODUCT_BUNDLE_IDENTIFIER = com.vicopem.ClipboardHistoryv2UITests;
				PRODUCT_NAME = "$(TARGET_NAME)";
				SWIFT_EMIT_LOC_STRINGS = NO;
				SWIFT_VERSION = 5.0;
				TEST_TARGET_NAME = ClipboardHistoryv2;
			};
			name = Debug;
		};
		0481256A2D115219000EA776 /* Release */ = {
			isa = XCBuildConfiguration;
			buildSettings = {
				CODE_SIGN_STYLE = Automatic;
				CURRENT_PROJECT_VERSION = 1;
				DEVELOPMENT_TEAM = AMY9WYRH29;
				GENERATE_INFOPLIST_FILE = YES;
				MARKETING_VERSION = 1.0;
				PRODUCT_BUNDLE_IDENTIFIER = com.vicopem.ClipboardHistoryv2UITests;
				PRODUCT_NAME = "$(TARGET_NAME)";
				SWIFT_EMIT_LOC_STRINGS = NO;
				SWIFT_VERSION = 5.0;
				TEST_TARGET_NAME = ClipboardHistoryv2;
			};
			name = Release;
		};
/* End XCBuildConfiguration section */

/* Begin XCConfigurationList section */
		048125382D115218000EA776 /* Build configuration list for PBXProject "ClipboardHistoryv2" */ = {
			isa = XCConfigurationList;
			buildConfigurations = (
				048125602D115219000EA776 /* Debug */,
				048125612D115219000EA776 /* Release */,
			);
			defaultConfigurationIsVisible = 0;
			defaultConfigurationName = Release;
		};
		048125622D115219000EA776 /* Build configuration list for PBXNativeTarget "ClipboardHistoryv2" */ = {
			isa = XCConfigurationList;
			buildConfigurations = (
				048125632D115219000EA776 /* Debug */,
				048125642D115219000EA776 /* Release */,
			);
			defaultConfigurationIsVisible = 0;
			defaultConfigurationName = Release;
		};
		048125652D115219000EA776 /* Build configuration list for PBXNativeTarget "ClipboardHistoryv2Tests" */ = {
			isa = XCConfigurationList;
			buildConfigurations = (
				048125662D115219000EA776 /* Debug */,
				048125672D115219000EA776 /* Release */,
			);
			defaultConfigurationIsVisible = 0;
			defaultConfigurationName = Release;
		};
		048125682D115219000EA776 /* Build configuration list for PBXNativeTarget "ClipboardHistoryv2UITests" */ = {
			isa = XCConfigurationList;
			buildConfigurations = (
				048125692D115219000EA776 /* Debug */,
				0481256A2D115219000EA776 /* Release */,
			);
			defaultConfigurationIsVisible = 0;
			defaultConfigurationName = Release;
		};
/* End XCConfigurationList section */
	};
	rootObject = 048125352D115218000EA776 /* Project object */;
}
